
Microsoft Visual Studio Solution File, Format Version 12.00
# Visual Studio Version 16
VisualStudioVersion = 16.0.31025.194
MinimumVisualStudioVersion = 10.0.40219.1
Project("{FAE04EC0-301F-11D3-BF4B-00C04F79EFBC}") = "IntelligentSystems", "IntelligentSystems\IntelligentSystems.csproj", "{D0157641-CF5F-41F6-93A0-9F8F78BAC317}"
EndProject
Global
	GlobalSection(SolutionConfigurationPlatforms) = preSolution
		Debug|Any CPU = Debug|Any CPU
		Release|Any CPU = Release|Any CPU
	EndGlobalSection
	GlobalSection(ProjectConfigurationPlatforms) = postSolution
		{D0157641-CF5F-41F6-93A0-9F8F78BAC317}.Debug|Any CPU.ActiveCfg = Debug|Any CPU
		{D0157641-CF5F-41F6-93A0-9F8F78BAC317}.Debug|Any CPU.Build.0 = Debug|Any CPU
		{D0157641-CF5F-41F6-93A0-9F8F78BAC317}.Release|Any CPU.ActiveCfg = Release|Any CPU
		{D0157641-CF5F-41F6-93A0-9F8F78BAC317}.Release|Any CPU.Build.0 = Release|Any CPU
	EndGlobalSection
	GlobalSection(SolutionProperties) = preSolution
		HideSolutionNode = FALSE
	EndGlobalSection
	GlobalSection(ExtensibilityGlobals) = postSolution
		SolutionGuid = {27780F74-ACC6-4FD3-B3C9-B6260B0C2AFB}
	EndGlobalSection
EndGlobal
